PODS:
  - LibTorch (1.9.0):
    - LibTorch/Core (= 1.9.0)
  - LibTorch/Core (1.9.0):
    - LibTorch/Torch
  - LibTorch/Torch (1.9.0)

DEPENDENCIES:
  - LibTorch

SPEC REPOS:
  trunk:
    - LibTorch

SPEC CHECKSUMS:
  LibTorch: d89f452b8b932002bd98884b3921850a95c35e14

PODFILE CHECKSUM: 1fa5affa530d7de840848a33a0b70e2eb3bce813

COCOAPODS: 1.10.0
